
Microsoft Visual Studio Solution File, Format Version 12.00
# Visual Studio Version 16
VisualStudioVersion = 16.0.30320.27
MinimumVisualStudioVersion = 10.0.40219.1
Project("{FAE04EC0-301F-11D3-BF4B-00C04F79EFBC}") = "gym", "gym\gym.csproj", "{45C731A9-6475-4902-8F66-A48BC4DA6BA4}"
EndProject
Global
	GlobalSection(SolutionConfigurationPlatforms) = preSolution
		Debug|Any CPU = Debug|Any CPU
		Release|Any CPU = Release|Any CPU
	EndGlobalSection
	GlobalSection(ProjectConfigurationPlatforms) = postSolution
		{45C731A9-6475-4902-8F66-A48BC4DA6BA4}.Debug|Any CPU.ActiveCfg = Debug|Any CPU
		{45C731A9-6475-4902-8F66-A48BC4DA6BA4}.Debug|Any CPU.Build.0 = Debug|Any CPU
		{45C731A9-6475-4902-8F66-A48BC4DA6BA4}.Release|Any CPU.ActiveCfg = Release|Any CPU
		{45C731A9-6475-4902-8F66-A48BC4DA6BA4}.Release|Any CPU.Build.0 = Release|Any CPU
	EndGlobalSection
	GlobalSection(SolutionProperties) = preSolution
		HideSolutionNode = FALSE
	EndGlobalSection
	GlobalSection(ExtensibilityGlobals) = postSolution
		SolutionGuid = {6C8A35FE-3468-477B-B41A-431C2A08F42F}
	EndGlobalSection
EndGlobal
